
Microsoft Visual Studio Solution File, Format Version 12.00
# Visual Studio Version 17
VisualStudioVersion = 17.0.31903.59
MinimumVisualStudioVersion = 10.0.40219.1
Project("{FAE04EC0-301F-11D3-BF4B-00C04F79EFBC}") = "Lab06.Library", "Lab06.Library\Lab06.Library.csproj", "{C9BBD272-A64F-4702-BC9B-C96E086258D4}"
EndProject
Project("{FAE04EC0-301F-11D3-BF4B-00C04F79EFBC}") = "Lab06.Tests", "Lab06.Tests\Lab06.Tests.csproj", "{AABEF772-823C-4864-875A-0BECE0A277D1}"
EndProject
Global
	GlobalSection(SolutionConfigurationPlatforms) = preSolution
		Debug|Any CPU = Debug|Any CPU
		Release|Any CPU = Release|Any CPU
	EndGlobalSection
	GlobalSection(SolutionProperties) = preSolution
		HideSolutionNode = FALSE
	EndGlobalSection
	GlobalSection(ProjectConfigurationPlatforms) = postSolution
		{C9BBD272-A64F-4702-BC9B-C96E086258D4}.Debug|Any CPU.ActiveCfg = Debug|Any CPU
		{C9BBD272-A64F-4702-BC9B-C96E086258D4}.Debug|Any CPU.Build.0 = Debug|Any CPU
		{C9BBD272-A64F-4702-BC9B-C96E086258D4}.Release|Any CPU.ActiveCfg = Release|Any CPU
		{C9BBD272-A64F-4702-BC9B-C96E086258D4}.Release|Any CPU.Build.0 = Release|Any CPU
		{AABEF772-823C-4864-875A-0BECE0A277D1}.Debug|Any CPU.ActiveCfg = Debug|Any CPU
		{AABEF772-823C-4864-875A-0BECE0A277D1}.Debug|Any CPU.Build.0 = Debug|Any CPU
		{AABEF772-823C-4864-875A-0BECE0A277D1}.Release|Any CPU.ActiveCfg = Release|Any CPU
		{AABEF772-823C-4864-875A-0BECE0A277D1}.Release|Any CPU.Build.0 = Release|Any CPU
	EndGlobalSection
EndGlobal
